# This file is automatically @generated by Wally.
# It is not intended for manual editing.
registry = "test"

[[package]]
name = "morgann1/shared-toolbar"
version = "0.2.2"
dependencies = []

[[package]]
name = "morgann1/stylua-for-studio"
version = "0.1.0"
dependencies = [["SharedToolbar", "morgann1/shared-toolbar@0.2.2"]]
