# This file is automatically @generated by Wally.
# It is not intended for manual editing.
registry = "test"

[[package]]
name = "jsdotlua/boolean"
version = "1.2.7"
dependencies = [["number", "jsdotlua/number@1.2.7"]]

[[package]]
name = "jsdotlua/collections"
version = "1.2.7"
dependencies = [["es7-types", "jsdotlua/es7-types@1.2.7"], ["instance-of", "jsdotlua/instance-of@1.2.7"]]

[[package]]
name = "jsdotlua/console"
version = "1.2.7"
dependencies = [["collections", "jsdotlua/collections@1.2.7"]]

[[package]]
name = "jsdotlua/es7-types"
version = "1.2.7"
dependencies = []

[[package]]
name = "jsdotlua/instance-of"
version = "1.2.7"
dependencies = []

[[package]]
name = "jsdotlua/luau-polyfill"
version = "1.2.7"
dependencies = [["boolean", "jsdotlua/boolean@1.2.7"], ["collections", "jsdotlua/collections@1.2.7"], ["console", "jsdotlua/console@1.2.7"], ["es7-types", "jsdotlua/es7-types@1.2.7"], ["instance-of", "jsdotlua/instance-of@1.2.7"], ["math", "jsdotlua/math@1.2.7"], ["number", "jsdotlua/number@1.2.7"], ["string", "jsdotlua/string@1.2.7"], ["symbol-luau", "jsdotlua/symbol-luau@1.0.1"], ["timers", "jsdotlua/timers@1.2.7"]]

[[package]]
name = "jsdotlua/math"
version = "1.2.7"
dependencies = []

[[package]]
name = "jsdotlua/number"
version = "1.2.7"
dependencies = []

[[package]]
name = "jsdotlua/promise"
version = "3.5.2"
dependencies = []

[[package]]
name = "jsdotlua/react"
version = "17.2.1"
dependencies = [["luau-polyfill", "jsdotlua/luau-polyfill@1.2.7"], ["shared", "jsdotlua/shared@17.2.1"]]

[[package]]
name = "jsdotlua/react-reconciler"
version = "17.2.1"
dependencies = [["luau-polyfill", "jsdotlua/luau-polyfill@1.2.7"], ["promise", "jsdotlua/promise@3.5.2"], ["react", "jsdotlua/react@17.2.1"], ["scheduler", "jsdotlua/scheduler@17.2.1"], ["shared", "jsdotlua/shared@17.2.1"]]

[[package]]
name = "jsdotlua/react-roblox"
version = "17.2.1"
dependencies = [["luau-polyfill", "jsdotlua/luau-polyfill@1.2.7"], ["react", "jsdotlua/react@17.2.1"], ["react-reconciler", "jsdotlua/react-reconciler@17.2.1"], ["scheduler", "jsdotlua/scheduler@17.2.1"], ["shared", "jsdotlua/shared@17.2.1"]]

[[package]]
name = "jsdotlua/scheduler"
version = "17.2.1"
dependencies = [["luau-polyfill", "jsdotlua/luau-polyfill@1.2.7"], ["shared", "jsdotlua/shared@17.2.1"]]

[[package]]
name = "jsdotlua/shared"
version = "17.2.1"
dependencies = [["luau-polyfill", "jsdotlua/luau-polyfill@1.2.7"]]

[[package]]
name = "jsdotlua/string"
version = "1.2.7"
dependencies = [["es7-types", "jsdotlua/es7-types@1.2.7"], ["number", "jsdotlua/number@1.2.7"]]

[[package]]
name = "jsdotlua/symbol-luau"
version = "1.0.1"
dependencies = []

[[package]]
name = "jsdotlua/timers"
version = "1.2.7"
dependencies = [["collections", "jsdotlua/collections@1.2.7"]]

[[package]]
name = "littensy/charm"
version = "0.10.0"
dependencies = []

[[package]]
name = "morgann1/do-cleanup"
version = "0.1.0"
dependencies = []

[[package]]
name = "morgann1/elttob-log"
version = "0.1.0"
dependencies = [["IsLocalDev", "morgann1/plugin-is-local-dev@0.1.1"]]

[[package]]
name = "morgann1/event"
version = "0.1.0"
dependencies = []

[[package]]
name = "morgann1/finally-task"
version = "0.1.0"
dependencies = [["doCleanup", "morgann1/do-cleanup@0.1.0"]]

[[package]]
name = "morgann1/icon-ramp"
version = "0.1.0"
dependencies = [["ty", "morgann1/ty@0.1.0"]]

[[package]]
name = "morgann1/interposer"
version = "0.1.1"
dependencies = [["ElttobLog", "morgann1/elttob-log@0.1.0"], ["Event", "morgann1/event@0.1.0"], ["IsLocalDev", "morgann1/plugin-is-local-dev@0.1.1"], ["Maybe", "morgann1/maybe@0.1.0"], ["PushPull", "morgann1/push-pull@0.1.0"], ["ty", "morgann1/ty@0.1.0"]]

[[package]]
name = "morgann1/leader"
version = "0.1.2"
dependencies = [["Event", "morgann1/event@0.1.0"], ["FinallyTask", "morgann1/finally-task@0.1.0"], ["Interposer", "morgann1/interposer@0.1.1"], ["Maybe", "morgann1/maybe@0.1.0"], ["PushPull", "morgann1/push-pull@0.1.0"], ["ty", "morgann1/ty@0.1.0"]]

[[package]]
name = "morgann1/maybe"
version = "0.1.0"
dependencies = []

[[package]]
name = "morgann1/owned-toolbar"
version = "0.1.0"
dependencies = [["IconRamp", "morgann1/icon-ramp@0.1.0"], ["IsLocalDev", "morgann1/plugin-is-local-dev@0.1.1"], ["React", "jsdotlua/react@17.2.1"]]

[[package]]
name = "morgann1/plugin-is-local-dev"
version = "0.1.1"
dependencies = []

[[package]]
name = "morgann1/push-pull"
version = "0.1.0"
dependencies = [["Maybe", "morgann1/maybe@0.1.0"]]

[[package]]
name = "morgann1/shared-toolbar"
version = "0.3.3"
dependencies = [["DoCleanup", "morgann1/do-cleanup@0.1.0"], ["ElttobLog", "morgann1/elttob-log@0.1.0"], ["Event", "morgann1/event@0.1.0"], ["FinallyTask", "morgann1/finally-task@0.1.0"], ["IconRamp", "morgann1/icon-ramp@0.1.0"], ["Interposer", "morgann1/interposer@0.1.1"], ["Leader", "morgann1/leader@0.1.2"], ["OwnedToolbar", "morgann1/owned-toolbar@0.1.0"], ["PushPull", "morgann1/push-pull@0.1.0"], ["React", "jsdotlua/react@17.2.1"], ["SortingBy", "morgann1/sorting-by@0.1.0"], ["ty", "morgann1/ty@0.1.0"]]

[[package]]
name = "morgann1/sorting-by"
version = "0.1.0"
dependencies = []

[[package]]
name = "morgann1/stylua-for-roblox"
version = "0.2.0"
dependencies = [["Charm", "littensy/charm@0.10.0"], ["DoCleanup", "morgann1/do-cleanup@0.1.0"], ["Interposer", "morgann1/interposer@0.1.1"], ["Leader", "morgann1/leader@0.1.2"], ["React", "jsdotlua/react@17.2.1"], ["ReactRoblox", "jsdotlua/react-roblox@17.2.1"], ["SharedToolbar", "morgann1/shared-toolbar@0.3.3"]]

[[package]]
name = "morgann1/ty"
version = "0.1.0"
dependencies = [["Maybe", "morgann1/maybe@0.1.0"]]
